
Microsoft Visual Studio Solution File, Format Version 12.00
# Visual Studio Version 17
VisualStudioVersion = 17.5.33502.453
MinimumVisualStudioVersion = 10.0.40219.1
Project("{FAE04EC0-301F-11D3-BF4B-00C04F79EFBC}") = "final_login", "final_login\final_login.csproj", "{5E7D0751-D138-46E1-BC66-88438AAFC3DC}"
EndProject
Global
	GlobalSection(SolutionConfigurationPlatforms) = preSolution
		Debug|Any CPU = Debug|Any CPU
		Release|Any CPU = Release|Any CPU
	EndGlobalSection
	GlobalSection(ProjectConfigurationPlatforms) = postSolution
		{5E7D0751-D138-46E1-BC66-88438AAFC3DC}.Debug|Any CPU.ActiveCfg = Debug|Any CPU
		{5E7D0751-D138-46E1-BC66-88438AAFC3DC}.Debug|Any CPU.Build.0 = Debug|Any CPU
		{5E7D0751-D138-46E1-BC66-88438AAFC3DC}.Release|Any CPU.ActiveCfg = Release|Any CPU
		{5E7D0751-D138-46E1-BC66-88438AAFC3DC}.Release|Any CPU.Build.0 = Release|Any CPU
	EndGlobalSection
	GlobalSection(SolutionProperties) = preSolution
		HideSolutionNode = FALSE
	EndGlobalSection
	GlobalSection(ExtensibilityGlobals) = postSolution
		SolutionGuid = {E0F172B8-E324-45AD-94EF-580E90559BA0}
	EndGlobalSection
EndGlobal
